
Microsoft Visual Studio Solution File, Format Version 12.00
# Visual Studio Version 17
VisualStudioVersion = 17.3.32819.101
MinimumVisualStudioVersion = 10.0.40219.1
Project("{FAE04EC0-301F-11D3-BF4B-00C04F79EFBC}") = "JTPoseDump", "JTPoseDump\JTPoseDump.csproj", "{0DD1FF4D-83B9-4937-8F44-DC8F91CB48F5}"
EndProject
Project("{FAE04EC0-301F-11D3-BF4B-00C04F79EFBC}") = "Mods", "JTPD-Config\Mods.csproj", "{7787135A-ABAD-4236-9541-CE80B0681855}"
EndProject
Global
	GlobalSection(SolutionConfigurationPlatforms) = preSolution
		Debug|Any CPU = Debug|Any CPU
		Debug|x64 = Debug|x64
		Release|Any CPU = Release|Any CPU
		Release|x64 = Release|x64
	EndGlobalSection
	GlobalSection(ProjectConfigurationPlatforms) = postSolution
		{0DD1FF4D-83B9-4937-8F44-DC8F91CB48F5}.Debug|Any CPU.ActiveCfg = Debug|Any CPU
		{0DD1FF4D-83B9-4937-8F44-DC8F91CB48F5}.Debug|Any CPU.Build.0 = Debug|Any CPU
		{0DD1FF4D-83B9-4937-8F44-DC8F91CB48F5}.Debug|x64.ActiveCfg = Debug|Any CPU
		{0DD1FF4D-83B9-4937-8F44-DC8F91CB48F5}.Debug|x64.Build.0 = Debug|Any CPU
		{0DD1FF4D-83B9-4937-8F44-DC8F91CB48F5}.Release|Any CPU.ActiveCfg = Release|Any CPU
		{0DD1FF4D-83B9-4937-8F44-DC8F91CB48F5}.Release|Any CPU.Build.0 = Release|Any CPU
		{0DD1FF4D-83B9-4937-8F44-DC8F91CB48F5}.Release|x64.ActiveCfg = Release|Any CPU
		{0DD1FF4D-83B9-4937-8F44-DC8F91CB48F5}.Release|x64.Build.0 = Release|Any CPU
		{7787135A-ABAD-4236-9541-CE80B0681855}.Debug|Any CPU.ActiveCfg = Debug|Any CPU
		{7787135A-ABAD-4236-9541-CE80B0681855}.Debug|x64.ActiveCfg = Debug|x64
		{7787135A-ABAD-4236-9541-CE80B0681855}.Release|Any CPU.ActiveCfg = Release|Any CPU
		{7787135A-ABAD-4236-9541-CE80B0681855}.Release|x64.ActiveCfg = Release|x64
	EndGlobalSection
	GlobalSection(SolutionProperties) = preSolution
		HideSolutionNode = FALSE
	EndGlobalSection
	GlobalSection(ExtensibilityGlobals) = postSolution
		SolutionGuid = {F621AC9E-A91C-4778-A618-8C5BABC73E9C}
	EndGlobalSection
EndGlobal
